
Microsoft Visual Studio Solution File, Format Version 12.00
# Visual Studio Version 16
VisualStudioVersion = 16.0.29806.167
MinimumVisualStudioVersion = 10.0.40219.1
Project("{8BC9CEB8-8B4A-11D0-8D11-00A0C91BC942}") = "nevsor", "nevsor.vcxproj", "{E01B2C61-6879-4C86-9670-CA62961039DC}"
EndProject
Global
	GlobalSection(SolutionConfigurationPlatforms) = preSolution
		Debug|x64 = Debug|x64
		Debug|x86 = Debug|x86
		Release|x64 = Release|x64
		Release|x86 = Release|x86
	EndGlobalSection
	GlobalSection(ProjectConfigurationPlatforms) = postSolution
		{E01B2C61-6879-4C86-9670-CA62961039DC}.Debug|x64.ActiveCfg = Debug|x64
		{E01B2C61-6879-4C86-9670-CA62961039DC}.Debug|x64.Build.0 = Debug|x64
		{E01B2C61-6879-4C86-9670-CA62961039DC}.Debug|x86.ActiveCfg = Debug|Win32
		{E01B2C61-6879-4C86-9670-CA62961039DC}.Debug|x86.Build.0 = Debug|Win32
		{E01B2C61-6879-4C86-9670-CA62961039DC}.Release|x64.ActiveCfg = Release|x64
		{E01B2C61-6879-4C86-9670-CA62961039DC}.Release|x64.Build.0 = Release|x64
		{E01B2C61-6879-4C86-9670-CA62961039DC}.Release|x86.ActiveCfg = Release|Win32
		{E01B2C61-6879-4C86-9670-CA62961039DC}.Release|x86.Build.0 = Release|Win32
	EndGlobalSection
	GlobalSection(SolutionProperties) = preSolution
		HideSolutionNode = FALSE
	EndGlobalSection
	GlobalSection(ExtensibilityGlobals) = postSolution
		SolutionGuid = {B6398EEF-F1F9-4930-8993-53D0CC640C31}
	EndGlobalSection
EndGlobal
